
Microsoft Visual Studio Solution File, Format Version 12.00
# Visual Studio Version 17
VisualStudioVersion = 17.11.35327.3
MinimumVisualStudioVersion = 10.0.40219.1
Project("{FAE04EC0-301F-11D3-BF4B-00C04F79EFBC}") = "BanSanGo1", "BanSanGo1\BanSanGo1.csproj", "{8644A431-199C-4F77-8E65-E5DA88181382}"
EndProject
Global
	GlobalSection(SolutionConfigurationPlatforms) = preSolution
		Debug|Any CPU = Debug|Any CPU
		Release|Any CPU = Release|Any CPU
	EndGlobalSection
	GlobalSection(ProjectConfigurationPlatforms) = postSolution
		{8644A431-199C-4F77-8E65-E5DA88181382}.Debug|Any CPU.ActiveCfg = Debug|Any CPU
		{8644A431-199C-4F77-8E65-E5DA88181382}.Debug|Any CPU.Build.0 = Debug|Any CPU
		{8644A431-199C-4F77-8E65-E5DA88181382}.Release|Any CPU.ActiveCfg = Release|Any CPU
		{8644A431-199C-4F77-8E65-E5DA88181382}.Release|Any CPU.Build.0 = Release|Any CPU
	EndGlobalSection
	GlobalSection(SolutionProperties) = preSolution
		HideSolutionNode = FALSE
	EndGlobalSection
	GlobalSection(ExtensibilityGlobals) = postSolution
		SolutionGuid = {685E9C77-0186-4CF0-BCD9-43697440DBD9}
	EndGlobalSection
EndGlobal
